
Microsoft Visual Studio Solution File, Format Version 12.00
# Visual Studio Version 17
VisualStudioVersion = 17.10.35122.118
MinimumVisualStudioVersion = 10.0.40219.1
Project("{FAE04EC0-301F-11D3-BF4B-00C04F79EFBC}") = "UavApp", "UavApp.csproj", "{C1BF213F-B892-437E-9551-A5554F931707}"
EndProject
Global
	GlobalSection(SolutionConfigurationPlatforms) = preSolution
		Debug|Any CPU = Debug|Any CPU
		Release|Any CPU = Release|Any CPU
	EndGlobalSection
	GlobalSection(ProjectConfigurationPlatforms) = postSolution
		{C1BF213F-B892-437E-9551-A5554F931707}.Debug|Any CPU.ActiveCfg = Debug|Any CPU
		{C1BF213F-B892-437E-9551-A5554F931707}.Debug|Any CPU.Build.0 = Debug|Any CPU
		{C1BF213F-B892-437E-9551-A5554F931707}.Release|Any CPU.ActiveCfg = Release|Any CPU
		{C1BF213F-B892-437E-9551-A5554F931707}.Release|Any CPU.Build.0 = Release|Any CPU
	EndGlobalSection
	GlobalSection(SolutionProperties) = preSolution
		HideSolutionNode = FALSE
	EndGlobalSection
	GlobalSection(ExtensibilityGlobals) = postSolution
		SolutionGuid = {1B918433-CCE7-40B1-986B-4EFDD0DC1CB9}
	EndGlobalSection
EndGlobal
